{
  "version": 4,
  "terraform_version": "0.14.3",
  "serial": 19,
  "lineage": "d5958a10-1326-3e7f-3bfc-90593b65afe0",
  "outputs": {},
  "resources": [
    {
      "mode": "managed",
      "type": "aws_iam_user",
      "name": "users",
      "provider": "provider[\"registry.terraform.io/hashicorp/aws\"]",
      "instances": [
        {
          "schema_version": 0,
          "attributes": {
            "arn": "arn:aws:iam::863697613521:user/shon",
            "force_destroy": false,
            "id": "shon",
            "name": "shon",
            "path": "/",
            "permissions_boundary": null,
            "tags": {
              "area": "ec2",
              "role": "admin"
            },
            "unique_id": "AIDA4SGDDWLI24NDL2LGG"
          },
          "sensitive_attributes": [],
          "private": "bnVsbA=="
        }
      ]
    },
    {
      "mode": "managed",
      "type": "aws_iam_user_policy_attachment",
      "name": "ec2-policy-attachement",
      "provider": "provider[\"registry.terraform.io/hashicorp/aws\"]",
      "instances": [
        {
          "schema_version": 0,
          "attributes": {
            "id": "shon-20201225183808344000000001",
            "policy_arn": "arn:aws:iam::aws:policy/AmazonEC2FullAccess",
            "user": "shon"
          },
          "sensitive_attributes": [],
          "private": "bnVsbA==",
          "dependencies": [
            "aws_iam_user.users"
          ]
        }
      ]
    }
  ]
}
